
Microsoft Visual Studio Solution File, Format Version 12.00
# Visual Studio Version 17
VisualStudioVersion = 17.4.33213.308
MinimumVisualStudioVersion = 10.0.40219.1
Project("{FAE04EC0-301F-11D3-BF4B-00C04F79EFBC}") = "comp123_bonus3_fan_yang", "comp123_bonus3_fan_yang.csproj", "{AF206E8D-1FAB-46F8-9F8C-1208EEDAFF53}"
EndProject
Global
	GlobalSection(SolutionConfigurationPlatforms) = preSolution
		Debug|Any CPU = Debug|Any CPU
		Release|Any CPU = Release|Any CPU
	EndGlobalSection
	GlobalSection(ProjectConfigurationPlatforms) = postSolution
		{AF206E8D-1FAB-46F8-9F8C-1208EEDAFF53}.Debug|Any CPU.ActiveCfg = Debug|Any CPU
		{AF206E8D-1FAB-46F8-9F8C-1208EEDAFF53}.Debug|Any CPU.Build.0 = Debug|Any CPU
		{AF206E8D-1FAB-46F8-9F8C-1208EEDAFF53}.Release|Any CPU.ActiveCfg = Release|Any CPU
		{AF206E8D-1FAB-46F8-9F8C-1208EEDAFF53}.Release|Any CPU.Build.0 = Release|Any CPU
	EndGlobalSection
	GlobalSection(SolutionProperties) = preSolution
		HideSolutionNode = FALSE
	EndGlobalSection
	GlobalSection(ExtensibilityGlobals) = postSolution
		SolutionGuid = {C00C54E2-B4CD-4A81-B547-4DAB2E85135A}
	EndGlobalSection
EndGlobal
